
Microsoft Visual Studio Solution File, Format Version 12.00
# Visual Studio Version 17
VisualStudioVersion = 17.11.35327.3
MinimumVisualStudioVersion = 10.0.40219.1
Project("{FAE04EC0-301F-11D3-BF4B-00C04F79EFBC}") = "17.11_dizi", "17.11_dizi\17.11_dizi.csproj", "{BE69D141-F440-4FCC-9E35-CC6FDE08C5E8}"
EndProject
Global
	GlobalSection(SolutionConfigurationPlatforms) = preSolution
		Debug|Any CPU = Debug|Any CPU
		Release|Any CPU = Release|Any CPU
	EndGlobalSection
	GlobalSection(ProjectConfigurationPlatforms) = postSolution
		{BE69D141-F440-4FCC-9E35-CC6FDE08C5E8}.Debug|Any CPU.ActiveCfg = Debug|Any CPU
		{BE69D141-F440-4FCC-9E35-CC6FDE08C5E8}.Debug|Any CPU.Build.0 = Debug|Any CPU
		{BE69D141-F440-4FCC-9E35-CC6FDE08C5E8}.Release|Any CPU.ActiveCfg = Release|Any CPU
		{BE69D141-F440-4FCC-9E35-CC6FDE08C5E8}.Release|Any CPU.Build.0 = Release|Any CPU
	EndGlobalSection
	GlobalSection(SolutionProperties) = preSolution
		HideSolutionNode = FALSE
	EndGlobalSection
	GlobalSection(ExtensibilityGlobals) = postSolution
		SolutionGuid = {C1648503-084C-46B2-97F7-2E69E12E099A}
	EndGlobalSection
EndGlobal
