
Microsoft Visual Studio Solution File, Format Version 12.00
# Visual Studio Version 17
VisualStudioVersion = 17.11.35327.3
MinimumVisualStudioVersion = 10.0.40219.1
Project("{FAE04EC0-301F-11D3-BF4B-00C04F79EFBC}") = "otomat", "otomat\otomat.csproj", "{20A37ADB-804E-40CF-9AFE-20B2D509E7D3}"
EndProject
Global
	GlobalSection(SolutionConfigurationPlatforms) = preSolution
		Debug|Any CPU = Debug|Any CPU
		Release|Any CPU = Release|Any CPU
	EndGlobalSection
	GlobalSection(ProjectConfigurationPlatforms) = postSolution
		{20A37ADB-804E-40CF-9AFE-20B2D509E7D3}.Debug|Any CPU.ActiveCfg = Debug|Any CPU
		{20A37ADB-804E-40CF-9AFE-20B2D509E7D3}.Debug|Any CPU.Build.0 = Debug|Any CPU
		{20A37ADB-804E-40CF-9AFE-20B2D509E7D3}.Release|Any CPU.ActiveCfg = Release|Any CPU
		{20A37ADB-804E-40CF-9AFE-20B2D509E7D3}.Release|Any CPU.Build.0 = Release|Any CPU
	EndGlobalSection
	GlobalSection(SolutionProperties) = preSolution
		HideSolutionNode = FALSE
	EndGlobalSection
	GlobalSection(ExtensibilityGlobals) = postSolution
		SolutionGuid = {A651C44A-92DD-470E-9355-EE5D13C98C61}
	EndGlobalSection
EndGlobal
